
Microsoft Visual Studio Solution File, Format Version 12.00
# Visual Studio Version 16
VisualStudioVersion = 16.0.29806.167
MinimumVisualStudioVersion = 10.0.40219.1
Project("{FAE04EC0-301F-11D3-BF4B-00C04F79EFBC}") = "PrayerSoft.Tests", "PrayerSoft.Tests\PrayerSoft.Tests.csproj", "{F73AEB09-F480-431F-ACDF-D47AE319FB60}"
EndProject
Project("{FAE04EC0-301F-11D3-BF4B-00C04F79EFBC}") = "PrayerSoft", "PrayerSoft\PrayerSoft.csproj", "{44C59C22-9FAA-41E1-A62F-7AAE26E59C0D}"
EndProject
Project("{FAE04EC0-301F-11D3-BF4B-00C04F79EFBC}") = "PrayerSoft.UI", "PrayerSoft.UI\PrayerSoft.UI.csproj", "{72F5F3A1-1701-4A7E-9344-10C4D1FEC41F}"
EndProject
Global
	GlobalSection(SolutionConfigurationPlatforms) = preSolution
		Debug|Any CPU = Debug|Any CPU
		Release|Any CPU = Release|Any CPU
	EndGlobalSection
	GlobalSection(ProjectConfigurationPlatforms) = postSolution
		{F73AEB09-F480-431F-ACDF-D47AE319FB60}.Debug|Any CPU.ActiveCfg = Debug|Any CPU
		{F73AEB09-F480-431F-ACDF-D47AE319FB60}.Debug|Any CPU.Build.0 = Debug|Any CPU
		{F73AEB09-F480-431F-ACDF-D47AE319FB60}.Release|Any CPU.ActiveCfg = Release|Any CPU
		{F73AEB09-F480-431F-ACDF-D47AE319FB60}.Release|Any CPU.Build.0 = Release|Any CPU
		{44C59C22-9FAA-41E1-A62F-7AAE26E59C0D}.Debug|Any CPU.ActiveCfg = Debug|Any CPU
		{44C59C22-9FAA-41E1-A62F-7AAE26E59C0D}.Debug|Any CPU.Build.0 = Debug|Any CPU
		{44C59C22-9FAA-41E1-A62F-7AAE26E59C0D}.Release|Any CPU.ActiveCfg = Release|Any CPU
		{44C59C22-9FAA-41E1-A62F-7AAE26E59C0D}.Release|Any CPU.Build.0 = Release|Any CPU
		{72F5F3A1-1701-4A7E-9344-10C4D1FEC41F}.Debug|Any CPU.ActiveCfg = Debug|Any CPU
		{72F5F3A1-1701-4A7E-9344-10C4D1FEC41F}.Debug|Any CPU.Build.0 = Debug|Any CPU
		{72F5F3A1-1701-4A7E-9344-10C4D1FEC41F}.Release|Any CPU.ActiveCfg = Release|Any CPU
		{72F5F3A1-1701-4A7E-9344-10C4D1FEC41F}.Release|Any CPU.Build.0 = Release|Any CPU
	EndGlobalSection
	GlobalSection(SolutionProperties) = preSolution
		HideSolutionNode = FALSE
	EndGlobalSection
	GlobalSection(ExtensibilityGlobals) = postSolution
		SolutionGuid = {37E2AEB5-0415-4D9D-AE64-1AB77DA5C006}
	EndGlobalSection
EndGlobal
